// !$*UTF8*$!
{
	archiveVersion = 1;
	classes = {
	};
	objectVersion = 46;
	objects = {

/* Begin PBXBuildFile section */
		D84FD5F818A0BDEB0044517F /* AWCircularLayout.m in Sources */ = {isa = PBXBuildFile; fileRef = D84FD5F718A0BDEB0044517F /* AWCircularLayout.m */; };
		D84FD5FB18A0CC7F0044517F /* AWCircularViewController.m in Sources */ = {isa = PBXBuildFile; fileRef = D84FD5FA18A0CC7F0044517F /* AWCircularViewController.m */; };
		D84FD5FE18A0EF1C0044517F /* AWImageStore.m in Sources */ = {isa = PBXBuildFile; fileRef = D84FD5FD18A0EF1C0044517F /* AWImageStore.m */; };
		D84FD60118A0F45F0044517F /* AWProcessOperation.m in Sources */ = {isa = PBXBuildFile; fileRef = D84FD60018A0F45F0044517F /* AWProcessOperation.m */; };
		D84FD60418A0F7E50044517F /* UIImage+Resize.m in Sources */ = {isa = PBXBuildFile; fileRef = D84FD60318A0F7E50044517F /* UIImage+Resize.m */; };
		D84FD60718A10C990044517F /* AWPhotoCell.m in Sources */ = {isa = PBXBuildFile; fileRef = D84FD60618A10C990044517F /* AWPhotoCell.m */; };
		D84FD60A18A150F40044517F /* AWInfiniteFlowLayout.m in Sources */ = {isa = PBXBuildFile; fileRef = D84FD60918A150F40044517F /* AWInfiniteFlowLayout.m */; };
		D895C17F18A01A3900E0CE89 /* Foundation.framework in Frameworks */ = {isa = PBXBuildFile; fileRef = D895C17E18A01A3900E0CE89 /* Foundation.framework */; };
		D895C18118A01A3900E0CE89 /* CoreGraphics.framework in Frameworks */ = {isa = PBXBuildFile; fileRef = D895C18018A01A3900E0CE89 /* CoreGraphics.framework */; };
		D895C18318A01A3900E0CE89 /* UIKit.framework in Frameworks */ = {isa = PBXBuildFile; fileRef = D895C18218A01A3900E0CE89 /* UIKit.framework */; };
		D895C18918A01A3900E0CE89 /* InfoPlist.strings in Resources */ = {isa = PBXBuildFile; fileRef = D895C18718A01A3900E0CE89 /* InfoPlist.strings */; };
		D895C18B18A01A3900E0CE89 /* main.m in Sources */ = {isa = PBXBuildFile; fileRef = D895C18A18A01A3900E0CE89 /* main.m */; };
		D895C18F18A01A3900E0CE89 /* AWAppDelegate.m in Sources */ = {isa = PBXBuildFile; fileRef = D895C18E18A01A3900E0CE89 /* AWAppDelegate.m */; };
		D895C19218A01A3900E0CE89 /* Main_iPhone.storyboard in Resources */ = {isa = PBXBuildFile; fileRef = D895C19018A01A3900E0CE89 /* Main_iPhone.storyboard */; };
		D895C19518A01A3900E0CE89 /* Main_iPad.storyboard in Resources */ = {isa = PBXBuildFile; fileRef = D895C19318A01A3900E0CE89 /* Main_iPad.storyboard */; };
		D895C19A18A01A3900E0CE89 /* Images.xcassets in Resources */ = {isa = PBXBuildFile; fileRef = D895C19918A01A3900E0CE89 /* Images.xcassets */; };
		D895C1A118A01A3A00E0CE89 /* XCTest.framework in Frameworks */ = {isa = PBXBuildFile; fileRef = D895C1A018A01A3A00E0CE89 /* XCTest.framework */; };
		D895C1A218A01A3A00E0CE89 /* Foundation.framework in Frameworks */ = {isa = PBXBuildFile; fileRef = D895C17E18A01A3900E0CE89 /* Foundation.framework */; };
		D895C1A318A01A3A00E0CE89 /* UIKit.framework in Frameworks */ = {isa = PBXBuildFile; fileRef = D895C18218A01A3900E0CE89 /* UIKit.framework */; };
		D895C1AB18A01A3A00E0CE89 /* InfoPlist.strings in Resources */ = {isa = PBXBuildFile; fileRef = D895C1A918A01A3A00E0CE89 /* InfoPlist.strings */; };
		D895C1AD18A01A3A00E0CE89 /* Cloud_On_Code_ChallengeTests.m in Sources */ = {isa = PBXBuildFile; fileRef = D895C1AC18A01A3A00E0CE89 /* Cloud_On_Code_ChallengeTests.m */; };
		D895C1BC18A01AD700E0CE89 /* AWMenuViewController.m in Sources */ = {isa = PBXBuildFile; fileRef = D895C1BA18A01AD700E0CE89 /* AWMenuViewController.m */; };
		D895C1BD18A01AD700E0CE89 /* AWMenuViewController.xib in Resources */ = {isa = PBXBuildFile; fileRef = D895C1BB18A01AD700E0CE89 /* AWMenuViewController.xib */; };
		D895C1C018A0248D00E0CE89 /* AWPagingCarouselVC.m in Sources */ = {isa = PBXBuildFile; fileRef = D895C1BF18A0248D00E0CE89 /* AWPagingCarouselVC.m */; };
/* End PBXBuildFile section */

/* Begin PBXContainerItemProxy section */
		D895C1A418A01A3A00E0CE89 /* PBXContainerItemProxy */ = {
			isa = PBXContainerItemProxy;
			containerPortal = D895C17318A01A3900E0CE89 /* Project object */;
			proxyType = 1;
			remoteGlobalIDString = D895C17A18A01A3900E0CE89;
			remoteInfo = "Cloud On Code Challenge";
		};
/* End PBXContainerItemProxy section */

/* Begin PBXFileReference section */
		D84FD5F618A0BDEB0044517F /* AWCircularLayout.h */ = {isa = PBXFileReference; fileEncoding = 4; lastKnownFileType = sourcecode.c.h; path = AWCircularLayout.h; sourceTree = "<group>"; };
		D84FD5F718A0BDEB0044517F /* AWCircularLayout.m */ = {isa = PBXFileReference; fileEncoding = 4; lastKnownFileType = sourcecode.c.objc; path = AWCircularLayout.m; sourceTree = "<group>"; };
		D84FD5F918A0CC7F0044517F /* AWCircularViewController.h */ = {isa = PBXFileReference; fileEncoding = 4; lastKnownFileType = sourcecode.c.h; path = AWCircularViewController.h; sourceTree = "<group>"; };
		D84FD5FA18A0CC7F0044517F /* AWCircularViewController.m */ = {isa = PBXFileReference; fileEncoding = 4; lastKnownFileType = sourcecode.c.objc; path = AWCircularViewController.m; sourceTree = "<group>"; };
		D84FD5FC18A0EF1C0044517F /* AWImageStore.h */ = {isa = PBXFileReference; fileEncoding = 4; lastKnownFileType = sourcecode.c.h; path = AWImageStore.h; sourceTree = "<group>"; };
		D84FD5FD18A0EF1C0044517F /* AWImageStore.m */ = {isa = PBXFileReference; fileEncoding = 4; lastKnownFileType = sourcecode.c.objc; path = AWImageStore.m; sourceTree = "<group>"; };
		D84FD5FF18A0F45F0044517F /* AWProcessOperation.h */ = {isa = PBXFileReference; fileEncoding = 4; lastKnownFileType = sourcecode.c.h; path = AWProcessOperation.h; sourceTree = "<group>"; };
		D84FD60018A0F45F0044517F /* AWProcessOperation.m */ = {isa = PBXFileReference; fileEncoding = 4; lastKnownFileType = sourcecode.c.objc; path = AWProcessOperation.m; sourceTree = "<group>"; };
		D84FD60218A0F7E50044517F /* UIImage+Resize.h */ = {isa = PBXFileReference; fileEncoding = 4; lastKnownFileType = sourcecode.c.h; path = "UIImage+Resize.h"; sourceTree = "<group>"; };
		D84FD60318A0F7E50044517F /* UIImage+Resize.m */ = {isa = PBXFileReference; fileEncoding = 4; lastKnownFileType = sourcecode.c.objc; path = "UIImage+Resize.m"; sourceTree = "<group>"; };
		D84FD60518A10C990044517F /* AWPhotoCell.h */ = {isa = PBXFileReference; fileEncoding = 4; lastKnownFileType = sourcecode.c.h; path = AWPhotoCell.h; sourceTree = "<group>"; };
		D84FD60618A10C990044517F /* AWPhotoCell.m */ = {isa = PBXFileReference; fileEncoding = 4; lastKnownFileType = sourcecode.c.objc; path = AWPhotoCell.m; sourceTree = "<group>"; };
		D84FD60818A150F40044517F /* AWInfiniteFlowLayout.h */ = {isa = PBXFileReference; fileEncoding = 4; lastKnownFileType = sourcecode.c.h; path = AWInfiniteFlowLayout.h; sourceTree = "<group>"; };
		D84FD60918A150F40044517F /* AWInfiniteFlowLayout.m */ = {isa = PBXFileReference; fileEncoding = 4; lastKnownFileType = sourcecode.c.objc; path = AWInfiniteFlowLayout.m; sourceTree = "<group>"; };
		D895C17B18A01A3900E0CE89 /* Cloud On Code Challenge.app */ = {isa = PBXFileReference; explicitFileType = wrapper.application; includeInIndex = 0; path = "Cloud On Code Challenge.app"; sourceTree = BUILT_PRODUCTS_DIR; };
		D895C17E18A01A3900E0CE89 /* Foundation.framework */ = {isa = PBXFileReference; lastKnownFileType = wrapper.framework; name = Foundation.framework; path = System/Library/Frameworks/Foundation.framework; sourceTree = SDKROOT; };
		D895C18018A01A3900E0CE89 /* CoreGraphics.framework */ = {isa = PBXFileReference; lastKnownFileType = wrapper.framework; name = CoreGraphics.framework; path = System/Library/Frameworks/CoreGraphics.framework; sourceTree = SDKROOT; };
		D895C18218A01A3900E0CE89 /* UIKit.framework */ = {isa = PBXFileReference; lastKnownFileType = wrapper.framework; name = UIKit.framework; path = System/Library/Frameworks/UIKit.framework; sourceTree = SDKROOT; };
		D895C18618A01A3900E0CE89 /* Cloud On Code Challenge-Info.plist */ = {isa = PBXFileReference; lastKnownFileType = text.plist.xml; path = "Cloud On Code Challenge-Info.plist"; sourceTree = "<group>"; };
		D895C18818A01A3900E0CE89 /* en */ = {isa = PBXFileReference; lastKnownFileType = text.plist.strings; name = en; path = en.lproj/InfoPlist.strings; sourceTree = "<group>"; };
		D895C18A18A01A3900E0CE89 /* main.m */ = {isa = PBXFileReference; lastKnownFileType = sourcecode.c.objc; path = main.m; sourceTree = "<group>"; };
		D895C18C18A01A3900E0CE89 /* Cloud On Code Challenge-Prefix.pch */ = {isa = PBXFileReference; lastKnownFileType = sourcecode.c.h; path = "Cloud On Code Challenge-Prefix.pch"; sourceTree = "<group>"; };
		D895C18D18A01A3900E0CE89 /* AWAppDelegate.h */ = {isa = PBXFileReference; lastKnownFileType = sourcecode.c.h; path = AWAppDelegate.h; sourceTree = "<group>"; };
		D895C18E18A01A3900E0CE89 /* AWAppDelegate.m */ = {isa = PBXFileReference; lastKnownFileType = sourcecode.c.objc; path = AWAppDelegate.m; sourceTree = "<group>"; };
		D895C19118A01A3900E0CE89 /* Base */ = {isa = PBXFileReference; lastKnownFileType = file.storyboard; name = Base; path = Base.lproj/Main_iPhone.storyboard; sourceTree = "<group>"; };
		D895C19418A01A3900E0CE89 /* Base */ = {isa = PBXFileReference; lastKnownFileType = file.storyboard; name = Base; path = Base.lproj/Main_iPad.storyboard; sourceTree = "<group>"; };
		D895C19918A01A3900E0CE89 /* Images.xcassets */ = {isa = PBXFileReference; lastKnownFileType = folder.assetcatalog; path = Images.xcassets; sourceTree = "<group>"; };
		D895C19F18A01A3A00E0CE89 /* Cloud On Code ChallengeTests.xctest */ = {isa = PBXFileReference; explicitFileType = wrapper.cfbundle; includeInIndex = 0; path = "Cloud On Code ChallengeTests.xctest"; sourceTree = BUILT_PRODUCTS_DIR; };
		D895C1A018A01A3A00E0CE89 /* XCTest.framework */ = {isa = PBXFileReference; lastKnownFileType = wrapper.framework; name = XCTest.framework; path = Library/Frameworks/XCTest.framework; sourceTree = DEVELOPER_DIR; };
		D895C1A818A01A3A00E0CE89 /* Cloud On Code ChallengeTests-Info.plist */ = {isa = PBXFileReference; lastKnownFileType = text.plist.xml; path = "Cloud On Code ChallengeTests-Info.plist"; sourceTree = "<group>"; };
		D895C1AA18A01A3A00E0CE89 /* en */ = {isa = PBXFileReference; lastKnownFileType = text.plist.strings; name = en; path = en.lproj/InfoPlist.strings; sourceTree = "<group>"; };
		D895C1AC18A01A3A00E0CE89 /* Cloud_On_Code_ChallengeTests.m */ = {isa = PBXFileReference; lastKnownFileType = sourcecode.c.objc; path = Cloud_On_Code_ChallengeTests.m; sourceTree = "<group>"; };
		D895C1B918A01AD700E0CE89 /* AWMenuViewController.h */ = {isa = PBXFileReference; fileEncoding = 4; lastKnownFileType = sourcecode.c.h; path = AWMenuViewController.h; sourceTree = "<group>"; };
		D895C1BA18A01AD700E0CE89 /* AWMenuViewController.m */ = {isa = PBXFileReference; fileEncoding = 4; lastKnownFileType = sourcecode.c.objc; path = AWMenuViewController.m; sourceTree = "<group>"; };
		D895C1BB18A01AD700E0CE89 /* AWMenuViewController.xib */ = {isa = PBXFileReference; fileEncoding = 4; lastKnownFileType = file.xib; path = AWMenuViewController.xib; sourceTree = "<group>"; };
		D895C1BE18A0248D00E0CE89 /* AWPagingCarouselVC.h */ = {isa = PBXFileReference; fileEncoding = 4; lastKnownFileType = sourcecode.c.h; path = AWPagingCarouselVC.h; sourceTree = "<group>"; };
		D895C1BF18A0248D00E0CE89 /* AWPagingCarouselVC.m */ = {isa = PBXFileReference; fileEncoding = 4; lastKnownFileType = sourcecode.c.objc; path = AWPagingCarouselVC.m; sourceTree = "<group>"; };
/* End PBXFileReference section */

/* Begin PBXFrameworksBuildPhase section */
		D895C17818A01A3900E0CE89 /* Frameworks */ = {
			isa = PBXFrameworksBuildPhase;
			buildActionMask = 2147483647;
			files = (
				D895C18118A01A3900E0CE89 /* CoreGraphics.framework in Frameworks */,
				D895C18318A01A3900E0CE89 /* UIKit.framework in Frameworks */,
				D895C17F18A01A3900E0CE89 /* Foundation.framework in Frameworks */,
			);
			runOnlyForDeploymentPostprocessing = 0;
		};
		D895C19C18A01A3A00E0CE89 /* Frameworks */ = {
			isa = PBXFrameworksBuildPhase;
			buildActionMask = 2147483647;
			files = (
				D895C1A118A01A3A00E0CE89 /* XCTest.framework in Frameworks */,
				D895C1A318A01A3A00E0CE89 /* UIKit.framework in Frameworks */,
				D895C1A218A01A3A00E0CE89 /* Foundation.framework in Frameworks */,
			);
			runOnlyForDeploymentPostprocessing = 0;
		};
/* End PBXFrameworksBuildPhase section */

/* Begin PBXGroup section */
		D84FD5F518A0BD860044517F /* Circular Carousel View */ = {
			isa = PBXGroup;
			children = (
				D84FD5F618A0BDEB0044517F /* AWCircularLayout.h */,
				D84FD5F718A0BDEB0044517F /* AWCircularLayout.m */,
				D84FD5F918A0CC7F0044517F /* AWCircularViewController.h */,
				D84FD5FA18A0CC7F0044517F /* AWCircularViewController.m */,
			);
			name = "Circular Carousel View";
			sourceTree = "<group>";
		};
		D84FD61218A1CF790044517F /* Photo Data */ = {
			isa = PBXGroup;
			children = (
				D84FD5FC18A0EF1C0044517F /* AWImageStore.h */,
				D84FD5FD18A0EF1C0044517F /* AWImageStore.m */,
				D84FD5FF18A0F45F0044517F /* AWProcessOperation.h */,
				D84FD60018A0F45F0044517F /* AWProcessOperation.m */,
				D84FD60218A0F7E50044517F /* UIImage+Resize.h */,
				D84FD60318A0F7E50044517F /* UIImage+Resize.m */,
			);
			name = "Photo Data";
			sourceTree = "<group>";
		};
		D84FD61318A1CFD60044517F /* Common */ = {
			isa = PBXGroup;
			children = (
				D895C18D18A01A3900E0CE89 /* AWAppDelegate.h */,
				D895C18E18A01A3900E0CE89 /* AWAppDelegate.m */,
				D895C19018A01A3900E0CE89 /* Main_iPhone.storyboard */,
				D895C19318A01A3900E0CE89 /* Main_iPad.storyboard */,
				D895C1B918A01AD700E0CE89 /* AWMenuViewController.h */,
				D895C1BA18A01AD700E0CE89 /* AWMenuViewController.m */,
				D895C1BB18A01AD700E0CE89 /* AWMenuViewController.xib */,
				D84FD60518A10C990044517F /* AWPhotoCell.h */,
				D84FD60618A10C990044517F /* AWPhotoCell.m */,
			);
			name = Common;
			sourceTree = "<group>";
		};
		D895C17218A01A3900E0CE89 = {
			isa = PBXGroup;
			children = (
				D895C18418A01A3900E0CE89 /* Cloud On Code Challenge */,
				D895C1A618A01A3A00E0CE89 /* Cloud On Code ChallengeTests */,
				D895C17D18A01A3900E0CE89 /* Frameworks */,
				D895C17C18A01A3900E0CE89 /* Products */,
			);
			sourceTree = "<group>";
		};
		D895C17C18A01A3900E0CE89 /* Products */ = {
			isa = PBXGroup;
			children = (
				D895C17B18A01A3900E0CE89 /* Cloud On Code Challenge.app */,
				D895C19F18A01A3A00E0CE89 /* Cloud On Code ChallengeTests.xctest */,
			);
			name = Products;
			sourceTree = "<group>";
		};
		D895C17D18A01A3900E0CE89 /* Frameworks */ = {
			isa = PBXGroup;
			children = (
				D895C17E18A01A3900E0CE89 /* Foundation.framework */,
				D895C18018A01A3900E0CE89 /* CoreGraphics.framework */,
				D895C18218A01A3900E0CE89 /* UIKit.framework */,
				D895C1A018A01A3A00E0CE89 /* XCTest.framework */,
			);
			name = Frameworks;
			sourceTree = "<group>";
		};
		D895C18418A01A3900E0CE89 /* Cloud On Code Challenge */ = {
			isa = PBXGroup;
			children = (
				D84FD61318A1CFD60044517F /* Common */,
				D895C1CD18A077CA00E0CE89 /* Infinite Carousel View */,
				D84FD5F518A0BD860044517F /* Circular Carousel View */,
				D84FD61218A1CF790044517F /* Photo Data */,
				D895C19918A01A3900E0CE89 /* Images.xcassets */,
				D895C18518A01A3900E0CE89 /* Supporting Files */,
			);
			path = "Cloud On Code Challenge";
			sourceTree = "<group>";
		};
		D895C18518A01A3900E0CE89 /* Supporting Files */ = {
			isa = PBXGroup;
			children = (
				D895C18618A01A3900E0CE89 /* Cloud On Code Challenge-Info.plist */,
				D895C18718A01A3900E0CE89 /* InfoPlist.strings */,
				D895C18A18A01A3900E0CE89 /* main.m */,
				D895C18C18A01A3900E0CE89 /* Cloud On Code Challenge-Prefix.pch */,
			);
			name = "Supporting Files";
			sourceTree = "<group>";
		};
		D895C1A618A01A3A00E0CE89 /* Cloud On Code ChallengeTests */ = {
			isa = PBXGroup;
			children = (
				D895C1AC18A01A3A00E0CE89 /* Cloud_On_Code_ChallengeTests.m */,
				D895C1A718A01A3A00E0CE89 /* Supporting Files */,
			);
			path = "Cloud On Code ChallengeTests";
			sourceTree = "<group>";
		};
		D895C1A718A01A3A00E0CE89 /* Supporting Files */ = {
			isa = PBXGroup;
			children = (
				D895C1A818A01A3A00E0CE89 /* Cloud On Code ChallengeTests-Info.plist */,
				D895C1A918A01A3A00E0CE89 /* InfoPlist.strings */,
			);
			name = "Supporting Files";
			sourceTree = "<group>";
		};
		D895C1CD18A077CA00E0CE89 /* Infinite Carousel View */ = {
			isa = PBXGroup;
			children = (
				D84FD60818A150F40044517F /* AWInfiniteFlowLayout.h */,
				D84FD60918A150F40044517F /* AWInfiniteFlowLayout.m */,
				D895C1BE18A0248D00E0CE89 /* AWPagingCarouselVC.h */,
				D895C1BF18A0248D00E0CE89 /* AWPagingCarouselVC.m */,
			);
			name = "Infinite Carousel View";
			sourceTree = "<group>";
		};
/* End PBXGroup section */

/* Begin PBXNativeTarget section */
		D895C17A18A01A3900E0CE89 /* Cloud On Code Challenge */ = {
			isa = PBXNativeTarget;
			buildConfigurationList = D895C1B018A01A3A00E0CE89 /* Build configuration list for PBXNativeTarget "Cloud On Code Challenge" */;
			buildPhases = (
				D895C17718A01A3900E0CE89 /* Sources */,
				D895C17818A01A3900E0CE89 /* Frameworks */,
				D895C17918A01A3900E0CE89 /* Resources */,
			);
			buildRules = (
			);
			dependencies = (
			);
			name = "Cloud On Code Challenge";
			productName = "Cloud On Code Challenge";
			productReference = D895C17B18A01A3900E0CE89 /* Cloud On Code Challenge.app */;
			productType = "com.apple.product-type.application";
		};
		D895C19E18A01A3A00E0CE89 /* Cloud On Code ChallengeTests */ = {
			isa = PBXNativeTarget;
			buildConfigurationList = D895C1B318A01A3A00E0CE89 /* Build configuration list for PBXNativeTarget "Cloud On Code ChallengeTests" */;
			buildPhases = (
				D895C19B18A01A3A00E0CE89 /* Sources */,
				D895C19C18A01A3A00E0CE89 /* Frameworks */,
				D895C19D18A01A3A00E0CE89 /* Resources */,
			);
			buildRules = (
			);
			dependencies = (
				D895C1A518A01A3A00E0CE89 /* PBXTargetDependency */,
			);
			name = "Cloud On Code ChallengeTests";
			productName = "Cloud On Code ChallengeTests";
			productReference = D895C19F18A01A3A00E0CE89 /* Cloud On Code ChallengeTests.xctest */;
			productType = "com.apple.product-type.bundle.unit-test";
		};
/* End PBXNativeTarget section */

/* Begin PBXProject section */
		D895C17318A01A3900E0CE89 /* Project object */ = {
			isa = PBXProject;
			attributes = {
				CLASSPREFIX = AW;
				LastUpgradeCheck = 0500;
				ORGANIZATIONNAME = "Alonzo Wilkins";
				TargetAttributes = {
					D895C19E18A01A3A00E0CE89 = {
						TestTargetID = D895C17A18A01A3900E0CE89;
					};
				};
			};
			buildConfigurationList = D895C17618A01A3900E0CE89 /* Build configuration list for PBXProject "Cloud On Code Challenge" */;
			compatibilityVersion = "Xcode 3.2";
			developmentRegion = English;
			hasScannedForEncodings = 0;
			knownRegions = (
				en,
				Base,
			);
			mainGroup = D895C17218A01A3900E0CE89;
			productRefGroup = D895C17C18A01A3900E0CE89 /* Products */;
			projectDirPath = "";
			projectRoot = "";
			targets = (
				D895C17A18A01A3900E0CE89 /* Cloud On Code Challenge */,
				D895C19E18A01A3A00E0CE89 /* Cloud On Code ChallengeTests */,
			);
		};
/* End PBXProject section */

/* Begin PBXResourcesBuildPhase section */
		D895C17918A01A3900E0CE89 /* Resources */ = {
			isa = PBXResourcesBuildPhase;
			buildActionMask = 2147483647;
			files = (
				D895C19518A01A3900E0CE89 /* Main_iPad.storyboard in Resources */,
				D895C19A18A01A3900E0CE89 /* Images.xcassets in Resources */,
				D895C1BD18A01AD700E0CE89 /* AWMenuViewController.xib in Resources */,
				D895C19218A01A3900E0CE89 /* Main_iPhone.storyboard in Resources */,
				D895C18918A01A3900E0CE89 /* InfoPlist.strings in Resources */,
			);
			runOnlyForDeploymentPostprocessing = 0;
		};
		D895C19D18A01A3A00E0CE89 /* Resources */ = {
			isa = PBXResourcesBuildPhase;
			buildActionMask = 2147483647;
			files = (
				D895C1AB18A01A3A00E0CE89 /* InfoPlist.strings in Resources */,
			);
			runOnlyForDeploymentPostprocessing = 0;
		};
/* End PBXResourcesBuildPhase section */

/* Begin PBXSourcesBuildPhase section */
		D895C17718A01A3900E0CE89 /* Sources */ = {
			isa = PBXSourcesBuildPhase;
			buildActionMask = 2147483647;
			files = (
				D84FD60718A10C990044517F /* AWPhotoCell.m in Sources */,
				D84FD5F818A0BDEB0044517F /* AWCircularLayout.m in Sources */,
				D895C1C018A0248D00E0CE89 /* AWPagingCarouselVC.m in Sources */,
				D84FD5FB18A0CC7F0044517F /* AWCircularViewController.m in Sources */,
				D895C18F18A01A3900E0CE89 /* AWAppDelegate.m in Sources */,
				D84FD60A18A150F40044517F /* AWInfiniteFlowLayout.m in Sources */,
				D84FD5FE18A0EF1C0044517F /* AWImageStore.m in Sources */,
				D895C1BC18A01AD700E0CE89 /* AWMenuViewController.m in Sources */,
				D84FD60418A0F7E50044517F /* UIImage+Resize.m in Sources */,
				D895C18B18A01A3900E0CE89 /* main.m in Sources */,
				D84FD60118A0F45F0044517F /* AWProcessOperation.m in Sources */,
			);
			runOnlyForDeploymentPostprocessing = 0;
		};
		D895C19B18A01A3A00E0CE89 /* Sources */ = {
			isa = PBXSourcesBuildPhase;
			buildActionMask = 2147483647;
			files = (
				D895C1AD18A01A3A00E0CE89 /* Cloud_On_Code_ChallengeTests.m in Sources */,
			);
			runOnlyForDeploymentPostprocessing = 0;
		};
/* End PBXSourcesBuildPhase section */

/* Begin PBXTargetDependency section */
		D895C1A518A01A3A00E0CE89 /* PBXTargetDependency */ = {
			isa = PBXTargetDependency;
			target = D895C17A18A01A3900E0CE89 /* Cloud On Code Challenge */;
			targetProxy = D895C1A418A01A3A00E0CE89 /* PBXContainerItemProxy */;
		};
/* End PBXTargetDependency section */

/* Begin PBXVariantGroup section */
		D895C18718A01A3900E0CE89 /* InfoPlist.strings */ = {
			isa = PBXVariantGroup;
			children = (
				D895C18818A01A3900E0CE89 /* en */,
			);
			name = InfoPlist.strings;
			sourceTree = "<group>";
		};
		D895C19018A01A3900E0CE89 /* Main_iPhone.storyboard */ = {
			isa = PBXVariantGroup;
			children = (
				D895C19118A01A3900E0CE89 /* Base */,
			);
			name = Main_iPhone.storyboard;
			sourceTree = "<group>";
		};
		D895C19318A01A3900E0CE89 /* Main_iPad.storyboard */ = {
			isa = PBXVariantGroup;
			children = (
				D895C19418A01A3900E0CE89 /* Base */,
			);
			name = Main_iPad.storyboard;
			sourceTree = "<group>";
		};
		D895C1A918A01A3A00E0CE89 /* InfoPlist.strings */ = {
			isa = PBXVariantGroup;
			children = (
				D895C1AA18A01A3A00E0CE89 /* en */,
			);
			name = InfoPlist.strings;
			sourceTree = "<group>";
		};
/* End PBXVariantGroup section */

/* Begin XCBuildConfiguration section */
		D895C1AE18A01A3A00E0CE89 /* Debug */ = {
			isa = XCBuildConfiguration;
			buildSettings = {
				ALWAYS_SEARCH_USER_PATHS = NO;
				ARCHS = "$(ARCHS_STANDARD_INCLUDING_64_BIT)";
				CLANG_CXX_LANGUAGE_STANDARD = "gnu++0x";
				CLANG_CXX_LIBRARY = "libc++";
				CLANG_ENABLE_MODULES = YES;
				CLANG_ENABLE_OBJC_ARC = YES;
				CLANG_WARN_BOOL_CONVERSION = YES;
				CLANG_WARN_CONSTANT_CONVERSION = YES;
				CLANG_WARN_DIRECT_OBJC_ISA_USAGE = YES_ERROR;
				CLANG_WARN_EMPTY_BODY = YES;
				CLANG_WARN_ENUM_CONVERSION = YES;
				CLANG_WARN_INT_CONVERSION = YES;
				CLANG_WARN_OBJC_ROOT_CLASS = YES_ERROR;
				CLANG_WARN__DUPLICATE_METHOD_MATCH = YES;
				"CODE_SIGN_IDENTITY[sdk=iphoneos*]" = "iPhone Developer";
				COPY_PHASE_STRIP = NO;
				GCC_C_LANGUAGE_STANDARD = gnu99;
				GCC_DYNAMIC_NO_PIC = NO;
				GCC_OPTIMIZATION_LEVEL = 0;
				GCC_PREPROCESSOR_DEFINITIONS = (
					"DEBUG=1",
					"$(inherited)",
				);
				GCC_SYMBOLS_PRIVATE_EXTERN = NO;
				GCC_WARN_64_TO_32_BIT_CONVERSION = YES;
				GCC_WARN_ABOUT_RETURN_TYPE = YES_ERROR;
				GCC_WARN_UNDECLARED_SELECTOR = YES;
				GCC_WARN_UNINITIALIZED_AUTOS = YES;
				GCC_WARN_UNUSED_FUNCTION = YES;
				GCC_WARN_UNUSED_VARIABLE = YES;
				IPHONEOS_DEPLOYMENT_TARGET = 7.0;
				ONLY_ACTIVE_ARCH = YES;
				SDKROOT = iphoneos;
				TARGETED_DEVICE_FAMILY = "1,2";
			};
			name = Debug;
		};
		D895C1AF18A01A3A00E0CE89 /* Release */ = {
			isa = XCBuildConfiguration;
			buildSettings = {
				ALWAYS_SEARCH_USER_PATHS = NO;
				ARCHS = "$(ARCHS_STANDARD_INCLUDING_64_BIT)";
				CLANG_CXX_LANGUAGE_STANDARD = "gnu++0x";
				CLANG_CXX_LIBRARY = "libc++";
				CLANG_ENABLE_MODULES = YES;
				CLANG_ENABLE_OBJC_ARC = YES;
				CLANG_WARN_BOOL_CONVERSION = YES;
				CLANG_WARN_CONSTANT_CONVERSION = YES;
				CLANG_WARN_DIRECT_OBJC_ISA_USAGE = YES_ERROR;
				CLANG_WARN_EMPTY_BODY = YES;
				CLANG_WARN_ENUM_CONVERSION = YES;
				CLANG_WARN_INT_CONVERSION = YES;
				CLANG_WARN_OBJC_ROOT_CLASS = YES_ERROR;
				CLANG_WARN__DUPLICATE_METHOD_MATCH = YES;
				"CODE_SIGN_IDENTITY[sdk=iphoneos*]" = "iPhone Developer";
				COPY_PHASE_STRIP = YES;
				ENABLE_NS_ASSERTIONS = NO;
				GCC_C_LANGUAGE_STANDARD = gnu99;
				GCC_WARN_64_TO_32_BIT_CONVERSION = YES;
				GCC_WARN_ABOUT_RETURN_TYPE = YES_ERROR;
				GCC_WARN_UNDECLARED_SELECTOR = YES;
				GCC_WARN_UNINITIALIZED_AUTOS = YES;
				GCC_WARN_UNUSED_FUNCTION = YES;
				GCC_WARN_UNUSED_VARIABLE = YES;
				IPHONEOS_DEPLOYMENT_TARGET = 7.0;
				SDKROOT = iphoneos;
				TARGETED_DEVICE_FAMILY = "1,2";
				VALIDATE_PRODUCT = YES;
			};
			name = Release;
		};
		D895C1B118A01A3A00E0CE89 /* Debug */ = {
			isa = XCBuildConfiguration;
			buildSettings = {
				ASSETCATALOG_COMPILER_APPICON_NAME = AppIcon;
				ASSETCATALOG_COMPILER_LAUNCHIMAGE_NAME = LaunchImage;
				GCC_PRECOMPILE_PREFIX_HEADER = YES;
				GCC_PREFIX_HEADER = "Cloud On Code Challenge/Cloud On Code Challenge-Prefix.pch";
				INFOPLIST_FILE = "Cloud On Code Challenge/Cloud On Code Challenge-Info.plist";
				PRODUCT_NAME = "$(TARGET_NAME)";
				WRAPPER_EXTENSION = app;
			};
			name = Debug;
		};
		D895C1B218A01A3A00E0CE89 /* Release */ = {
			isa = XCBuildConfiguration;
			buildSettings = {
				ASSETCATALOG_COMPILER_APPICON_NAME = AppIcon;
				ASSETCATALOG_COMPILER_LAUNCHIMAGE_NAME = LaunchImage;
				GCC_PRECOMPILE_PREFIX_HEADER = YES;
				GCC_PREFIX_HEADER = "Cloud On Code Challenge/Cloud On Code Challenge-Prefix.pch";
				INFOPLIST_FILE = "Cloud On Code Challenge/Cloud On Code Challenge-Info.plist";
				PRODUCT_NAME = "$(TARGET_NAME)";
				WRAPPER_EXTENSION = app;
			};
			name = Release;
		};
		D895C1B418A01A3A00E0CE89 /* Debug */ = {
			isa = XCBuildConfiguration;
			buildSettings = {
				ARCHS = "$(ARCHS_STANDARD_INCLUDING_64_BIT)";
				BUNDLE_LOADER = "$(BUILT_PRODUCTS_DIR)/Cloud On Code Challenge.app/Cloud On Code Challenge";
				FRAMEWORK_SEARCH_PATHS = (
					"$(SDKROOT)/Developer/Library/Frameworks",
					"$(inherited)",
					"$(DEVELOPER_FRAMEWORKS_DIR)",
				);
				GCC_PRECOMPILE_PREFIX_HEADER = YES;
				GCC_PREFIX_HEADER = "Cloud On Code Challenge/Cloud On Code Challenge-Prefix.pch";
				GCC_PREPROCESSOR_DEFINITIONS = (
					"DEBUG=1",
					"$(inherited)",
				);
				INFOPLIST_FILE = "Cloud On Code ChallengeTests/Cloud On Code ChallengeTests-Info.plist";
				PRODUCT_NAME = "$(TARGET_NAME)";
				TEST_HOST = "$(BUNDLE_LOADER)";
				WRAPPER_EXTENSION = xctest;
			};
			name = Debug;
		};
		D895C1B518A01A3A00E0CE89 /* Release */ = {
			isa = XCBuildConfiguration;
			buildSettings = {
				ARCHS = "$(ARCHS_STANDARD_INCLUDING_64_BIT)";
				BUNDLE_LOADER = "$(BUILT_PRODUCTS_DIR)/Cloud On Code Challenge.app/Cloud On Code Challenge";
				FRAMEWORK_SEARCH_PATHS = (
					"$(SDKROOT)/Developer/Library/Frameworks",
					"$(inherited)",
					"$(DEVELOPER_FRAMEWORKS_DIR)",
				);
				GCC_PRECOMPILE_PREFIX_HEADER = YES;
				GCC_PREFIX_HEADER = "Cloud On Code Challenge/Cloud On Code Challenge-Prefix.pch";
				INFOPLIST_FILE = "Cloud On Code ChallengeTests/Cloud On Code ChallengeTests-Info.plist";
				PRODUCT_NAME = "$(TARGET_NAME)";
				TEST_HOST = "$(BUNDLE_LOADER)";
				WRAPPER_EXTENSION = xctest;
			};
			name = Release;
		};
/* End XCBuildConfiguration section */

/* Begin XCConfigurationList section */
		D895C17618A01A3900E0CE89 /* Build configuration list for PBXProject "Cloud On Code Challenge" */ = {
			isa = XCConfigurationList;
			buildConfigurations = (
				D895C1AE18A01A3A00E0CE89 /* Debug */,
				D895C1AF18A01A3A00E0CE89 /* Release */,
			);
			defaultConfigurationIsVisible = 0;
			defaultConfigurationName = Release;
		};
		D895C1B018A01A3A00E0CE89 /* Build configuration list for PBXNativeTarget "Cloud On Code Challenge" */ = {
			isa = XCConfigurationList;
			buildConfigurations = (
				D895C1B118A01A3A00E0CE89 /* Debug */,
				D895C1B218A01A3A00E0CE89 /* Release */,
			);
			defaultConfigurationIsVisible = 0;
			defaultConfigurationName = Release;
		};
		D895C1B318A01A3A00E0CE89 /* Build configuration list for PBXNativeTarget "Cloud On Code ChallengeTests" */ = {
			isa = XCConfigurationList;
			buildConfigurations = (
				D895C1B418A01A3A00E0CE89 /* Debug */,
				D895C1B518A01A3A00E0CE89 /* Release */,
			);
			defaultConfigurationIsVisible = 0;
			defaultConfigurationName = Release;
		};
/* End XCConfigurationList section */
	};
	rootObject = D895C17318A01A3900E0CE89 /* Project object */;
}
